// !$*UTF8*$!
{
	archiveVersion = 1;
	classes = {
	};
	objectVersion = 46;
	objects = {

/* Begin PBXBuildFile section */
		00CCCC1153204387A2D5DBC9 /* Diagnostic_Location.m in Sources */ = {isa = PBXBuildFile; fileRef = D8146F83BEB4485D898ED84A /* Diagnostic_Location.m */; };
		00FC0FA5AF444930AFE49047 /* NativeAudioAsset.m in Sources */ = {isa = PBXBuildFile; fileRef = 09C3110D8B8446DF81553B9C /* NativeAudioAsset.m */; };
		0207DA581B56EA530066E2B4 /* Images.xcassets in Resources */ = {isa = PBXBuildFile; fileRef = 0207DA571B56EA530066E2B4 /* Images.xcassets */; };
		034F7899FD044BD8A823355E /* SystemConfiguration.framework in Frameworks */ = {isa = PBXBuildFile; fileRef = A679FE4B4174458DA3378D53 /* SystemConfiguration.framework */; };
		075A75DE87B54FE9BF411175 /* Diagnostic_Calendar.m in Sources */ = {isa = PBXBuildFile; fileRef = D2F4E41A91F546718032D450 /* Diagnostic_Calendar.m */; };
		0BAE30BD87E14C5790BB8CE3 /* CDVWKWebViewEngine.m in Sources */ = {isa = PBXBuildFile; fileRef = F63B8D20219F4FAF83A5F0A1 /* CDVWKWebViewEngine.m */; };
		0F2B4548F1A94144AC33ACA1 /* CoreMotion.framework in Frameworks */ = {isa = PBXBuildFile; fileRef = 9F9B86B74BA846E6B8250EDC /* CoreMotion.framework */; };
		12B61DACD89B46649806AB19 /* PowerManagement.m in Sources */ = {isa = PBXBuildFile; fileRef = 35A27D4336754D7C889EE45C /* PowerManagement.m */; };
		1D3623260D0F684500981E51 /* AppDelegate.m in Sources */ = {isa = PBXBuildFile; fileRef = 1D3623250D0F684500981E51 /* AppDelegate.m */; };
		1D60589B0D05DD56006BFB54 /* main.m in Sources */ = {isa = PBXBuildFile; fileRef = 29B97316FDCFA39411CA2CEA /* main.m */; };
		1F52DA1BE45F4D309B5A154B /* AddressBook.framework in Frameworks */ = {isa = PBXBuildFile; fileRef = CF3260F658EA48FFA82EC513 /* AddressBook.framework */; };
		21BFD4DA76A444869D4ABFBA /* OpenGLES.framework in Frameworks */ = {isa = PBXBuildFile; fileRef = 60952F3E5F3B4C089556979C /* OpenGLES.framework */; };
		2282C541B2A3484E9358805A /* WebKit.framework in Frameworks */ = {isa = PBXBuildFile; fileRef = AA5C534E31004882B80EFC60 /* WebKit.framework */; settings = {ATTRIBUTES = (Weak, ); }; };
		29021EFC467A4B178CD45252 /* TextResponseSerializer.m in Sources */ = {isa = PBXBuildFile; fileRef = 885B1EA0B8F749CBB74C9F61 /* TextResponseSerializer.m */; };
		2F918B4D539D4D0B8105B537 /* Security.framework in Frameworks */ = {isa = PBXBuildFile; fileRef = B4D4137226B9423E86AE515A /* Security.framework */; };
		2FBEC062C08E479E9310001F /* CDVInAppBrowser.m in Sources */ = {isa = PBXBuildFile; fileRef = EF9F7BF3477146ADB2DA1131 /* CDVInAppBrowser.m */; };
		301BF552109A68D80062928A /* libCordova.a in Frameworks */ = {isa = PBXBuildFile; fileRef = 301BF535109A57CC0062928A /* libCordova.a */; };
		302D95F114D2391D003F00A1 /* MainViewController.m in Sources */ = {isa = PBXBuildFile; fileRef = 302D95EF14D2391D003F00A1 /* MainViewController.m */; };
		302D95F214D2391D003F00A1 /* MainViewController.xib in Resources */ = {isa = PBXBuildFile; fileRef = 302D95F014D2391D003F00A1 /* MainViewController.xib */; };
		3038F55A8C764E4EAC70BDBE /* RequestLocationAccuracy.m in Sources */ = {isa = PBXBuildFile; fileRef = 9D7D74031A2B4FE49BD3FD16 /* RequestLocationAccuracy.m */; };
		31651502286E469BA3D94CE5 /* Contacts.framework in Frameworks */ = {isa = PBXBuildFile; fileRef = 6D4DCA7E70C0422CAD4412CD /* Contacts.framework */; };
		40D8871348144BFC82965018 /* CDVLocation.m in Sources */ = {isa = PBXBuildFile; fileRef = 771587FD7E034691A12E5775 /* CDVLocation.m */; };
		4111967BB3A245ECB57C4B39 /* UserNotifications.framework in Frameworks */ = {isa = PBXBuildFile; fileRef = 32A40296CECA4C6C8638D76A /* UserNotifications.framework */; };
		41FB4DE5F46C453783430606 /* Photos.framework in Frameworks */ = {isa = PBXBuildFile; fileRef = 9CEC702AA5DE4C47852FEDF4 /* Photos.framework */; };
		4531EDD635224988AC7B1BF5 /* TextRequestSerializer.m in Sources */ = {isa = PBXBuildFile; fileRef = CCBF9CDEF8B1487FAF57F470 /* TextRequestSerializer.m */; };
		46CB496FCE8D4F9898396881 /* TemperatureAndTint.m in Sources */ = {isa = PBXBuildFile; fileRef = 415A3E91DEE3442A8F146439 /* TemperatureAndTint.m */; };
		4C3A7741F78F44649D28CFC4 /* CordovaHttpPlugin.m in Sources */ = {isa = PBXBuildFile; fileRef = 2250AB51B4874A608D86B1E0 /* CordovaHttpPlugin.m */; };
		6124D306169E4F7C8E76AFCB /* Diagnostic_Contacts.m in Sources */ = {isa = PBXBuildFile; fileRef = D06EA19ACFCF42B29CED7F71 /* Diagnostic_Contacts.m */; };
		6AFF5BF91D6E424B00AB3073 /* CDVLaunchScreen.storyboard in Resources */ = {isa = PBXBuildFile; fileRef = 6AFF5BF81D6E424B00AB3073 /* CDVLaunchScreen.storyboard */; };
		6BE6A347F2D846148F37BC50 /* QuartzCore.framework in Frameworks */ = {isa = PBXBuildFile; fileRef = 699760A7811246DFA3132F0A /* QuartzCore.framework */; };
		6D476435E6984AEA85300F2C /* Diagnostic_Microphone.m in Sources */ = {isa = PBXBuildFile; fileRef = D1E02A00F0E54445A2ED9F07 /* Diagnostic_Microphone.m */; };
		71DFD11E52F24E3C8678CB9E /* CameraPreview.m in Sources */ = {isa = PBXBuildFile; fileRef = FAAD2225906D4BFAB5794FA5 /* CameraPreview.m */; };
		77BDD1A0E3A84A8B9FF03E1D /* AFURLSessionManager.m in Sources */ = {isa = PBXBuildFile; fileRef = A85D93EAB7C6446494C4B73B /* AFURLSessionManager.m */; };
		78B6F2165C6146BABD366CC5 /* CDVLocalFilesystem.m in Sources */ = {isa = PBXBuildFile; fileRef = 5F043E666F9D4392B3C2A3B6 /* CDVLocalFilesystem.m */; };
		7F8A76608C654D5CB6A27E66 /* CDVViewController+SplashScreen.m in Sources */ = {isa = PBXBuildFile; fileRef = 3DED8F52B9FB4B9BA874C41E /* CDVViewController+SplashScreen.m */; };
		816A9B0B70FA40AEADFF5C82 /* Diagnostic_Motion.m in Sources */ = {isa = PBXBuildFile; fileRef = E0EDDB931CAB48B9BCADC589 /* Diagnostic_Motion.m */; };
		824FB88F28524B04944DD143 /* AFNetworkReachabilityManager.m in Sources */ = {isa = PBXBuildFile; fileRef = 5BCC994AA80045FA9CB43C4D /* AFNetworkReachabilityManager.m */; };
		8C7B32BB4FC74D0AA752F743 /* CDVFileTransfer.m in Sources */ = {isa = PBXBuildFile; fileRef = 3EC55799E3B24BB6AC236A63 /* CDVFileTransfer.m */; };
		8E1B5DCFDC944C31AC17C5E4 /* AudioToolbox.framework in Frameworks */ = {isa = PBXBuildFile; fileRef = AF8D04D090C4443AA49611C8 /* AudioToolbox.framework */; };
		8FD954198E84412B918A2F1B /* CDVIonicKeyboard.m in Sources */ = {isa = PBXBuildFile; fileRef = 8A2D24423D7843FBBDD7F93A /* CDVIonicKeyboard.m */; };
		90B17064DA264B5CA25E8024 /* SDNetworkActivityIndicator.m in Sources */ = {isa = PBXBuildFile; fileRef = 1A1CF46C40F44F39955F9E69 /* SDNetworkActivityIndicator.m */; };
		90BD645527FE49409218A974 /* AFURLResponseSerialization.m in Sources */ = {isa = PBXBuildFile; fileRef = 0B5EF0A6D52D4492BE653AC8 /* AFURLResponseSerialization.m */; };
		948DF76F849941329C6B1AC3 /* Diagnostic_Reminders.m in Sources */ = {isa = PBXBuildFile; fileRef = CD799585D42C4187B5630C51 /* Diagnostic_Reminders.m */; };
		97DD9C48F71E436987023ADC /* CDVDevice.m in Sources */ = {isa = PBXBuildFile; fileRef = E42D7082EB53492A90C1974A /* CDVDevice.m */; };
		A8D7A95618A54C6AB05A4396 /* GLKit.framework in Frameworks */ = {isa = PBXBuildFile; fileRef = F9F45D6B3AF344C69443AECE /* GLKit.framework */; };
		AA0E156E81914EBF877AA795 /* IONAssetHandler.m in Sources */ = {isa = PBXBuildFile; fileRef = D389B57F56AB44B88BBD1EB3 /* IONAssetHandler.m */; };
		AE3CC16045BE49B1AE610DE9 /* EventKit.framework in Frameworks */ = {isa = PBXBuildFile; fileRef = 35F2F634B3164579BF9C756D /* EventKit.framework */; };
		B03D8938C5A84653AEAA2F25 /* CoreBluetooth.framework in Frameworks */ = {isa = PBXBuildFile; fileRef = 54631F933C37418EA92D484B /* CoreBluetooth.framework */; };
		B280A84F303E44BCBC64E2D9 /* CoreVideo.framework in Frameworks */ = {isa = PBXBuildFile; fileRef = 16522F5ABB8F4B92BC812A56 /* CoreVideo.framework */; };
		BE18247F6CFF4B3DB1BC8E5A /* AFURLRequestSerialization.m in Sources */ = {isa = PBXBuildFile; fileRef = 212F7A5D2D774759ABCB646D /* AFURLRequestSerialization.m */; };
		BE6968538C30467DB7B219B9 /* CoreLocation.framework in Frameworks */ = {isa = PBXBuildFile; fileRef = 85143B99C9D142F794E10126 /* CoreLocation.framework */; };
		BF788B4F6E0C4777A6E14A38 /* CDVSplashScreen.m in Sources */ = {isa = PBXBuildFile; fileRef = 2BF7B021238F4784B7AA57CF /* CDVSplashScreen.m */; };
		C49776BE1D8D4AD68FC0CF4A /* AFSecurityPolicy.m in Sources */ = {isa = PBXBuildFile; fileRef = 5C184D0DEC864BEB96FD8C50 /* AFSecurityPolicy.m */; };
		C8AA99F7C79542F197FD76DE /* ImageIO.framework in Frameworks */ = {isa = PBXBuildFile; fileRef = EA42E6BC012A4F7CBBF6BFCB /* ImageIO.framework */; settings = {ATTRIBUTES = (Weak, ); }; };
		D40C127EB5E542D3B08DDE6E /* NativeAudio.m in Sources */ = {isa = PBXBuildFile; fileRef = 2C7C6376AA2543818E63C37E /* NativeAudio.m */; };
		D5CE98858E6441F09D2E11AA /* CDVWKProcessPoolFactory.m in Sources */ = {isa = PBXBuildFile; fileRef = AD01924CB1FD4D2E8C6AF33D /* CDVWKProcessPoolFactory.m */; };
		D7E897DADFA24AADA71A2193 /* Foundation.framework in Frameworks */ = {isa = PBXBuildFile; fileRef = 6ECE23E9F89D4E2E8140F0BE /* Foundation.framework */; };
		DA0D883A8CEF43D9A568C184 /* CDVStatusBar.m in Sources */ = {isa = PBXBuildFile; fileRef = 51BD34B1576E4E2A8F2EFC84 /* CDVStatusBar.m */; };
		DA8ACDD04A0F42C98A8E5992 /* AVFoundation.framework in Frameworks */ = {isa = PBXBuildFile; fileRef = 7D8D2E3E0EEA4C9ABF3DFB77 /* AVFoundation.framework */; };
		DC00CFC5DA964D26AE796259 /* Diagnostic.m in Sources */ = {isa = PBXBuildFile; fileRef = 76DDACEBB6224863AE3B27B5 /* Diagnostic.m */; };
		DD10DE3834094FCEB2A3101E /* CDVWKWebViewUIDelegate.m in Sources */ = {isa = PBXBuildFile; fileRef = 2965807700A1452C9F4789E4 /* CDVWKWebViewUIDelegate.m */; };
		DF3989964A8642A28F337AC4 /* CDVOrientation.m in Sources */ = {isa = PBXBuildFile; fileRef = 381637881E5D4D3EAEEA8C37 /* CDVOrientation.m */; };
		E05BC3FDF87C43089EF94B15 /* Diagnostic_Bluetooth.m in Sources */ = {isa = PBXBuildFile; fileRef = B0ADDEB41CBF43F1A2DE06B4 /* Diagnostic_Bluetooth.m */; };
		E3FA9EB1C448438FAF7F2ABE /* CameraRenderController.m in Sources */ = {isa = PBXBuildFile; fileRef = 4291E8F358764B84B6245E85 /* CameraRenderController.m */; };
		E4381D1FF5674AD38D2500F5 /* Diagnostic_Camera.m in Sources */ = {isa = PBXBuildFile; fileRef = 08F32A3B0DED410292914609 /* Diagnostic_Camera.m */; };
		E49A0E1B66B940A9819D795B /* CDVAssetLibraryFilesystem.m in Sources */ = {isa = PBXBuildFile; fileRef = A4F49C9418A0407992E878CE /* CDVAssetLibraryFilesystem.m */; };
		E5EEFE64EEFA455AB407F44C /* Diagnostic_Wifi.m in Sources */ = {isa = PBXBuildFile; fileRef = AAEE775476D244E78E1780E3 /* Diagnostic_Wifi.m */; };
		E7BC99E83382482698F7F093 /* AFHTTPSessionManager.m in Sources */ = {isa = PBXBuildFile; fileRef = 9B13387113794934B7898BC3 /* AFHTTPSessionManager.m */; };
		EF78AFB25EF14F48BEE7B1DD /* Diagnostic_Notifications.m in Sources */ = {isa = PBXBuildFile; fileRef = F55EC295C288413DAAC4C574 /* Diagnostic_Notifications.m */; };
		FC9EF7B3A270475C902AB251 /* CameraSessionManager.m in Sources */ = {isa = PBXBuildFile; fileRef = F2FA49564F7048FA8526D413 /* CameraSessionManager.m */; };
		FD8A5B4B56A24F63879E36C5 /* CDVFile.m in Sources */ = {isa = PBXBuildFile; fileRef = B714F058B41D419FB997E34E /* CDVFile.m */; };
		FE2CE1B035D94011AAABAE94 /* CoreImage.framework in Frameworks */ = {isa = PBXBuildFile; fileRef = 7C9CA81E4D7E48D4B54291F1 /* CoreImage.framework */; };
/* End PBXBuildFile section */

/* Begin PBXContainerItemProxy section */
		301BF534109A57CC0062928A /* PBXContainerItemProxy */ = {
			isa = PBXContainerItemProxy;
			containerPortal = 301BF52D109A57CC0062928A /* CordovaLib/CordovaLib.xcodeproj */;
			proxyType = 2;
			remoteGlobalIDString = D2AAC07E0554694100DB518D;
			remoteInfo = CordovaLib;
		};
		301BF550109A68C00062928A /* PBXContainerItemProxy */ = {
			isa = PBXContainerItemProxy;
			containerPortal = 301BF52D109A57CC0062928A /* CordovaLib/CordovaLib.xcodeproj */;
			proxyType = 1;
			remoteGlobalIDString = D2AAC07D0554694100DB518D;
			remoteInfo = CordovaLib;
		};
		3464296A2320190000E2B32F /* PBXContainerItemProxy */ = {
			isa = PBXContainerItemProxy;
			containerPortal = 301BF52D109A57CC0062928A /* CordovaLib/CordovaLib.xcodeproj */;
			proxyType = 2;
			remoteGlobalIDString = C0C01EB21E3911D50056E6CB;
			remoteInfo = Cordova;
		};
/* End PBXContainerItemProxy section */

/* Begin PBXFileReference section */
		0207DA571B56EA530066E2B4 /* Images.xcassets */ = {isa = PBXFileReference; lastKnownFileType = folder.assetcatalog; name = Images.xcassets; path = "SimplyPermits LPR/Images.xcassets"; sourceTree = SOURCE_ROOT; };
		08F32A3B0DED410292914609 /* Diagnostic_Camera.m */ = {isa = PBXFileReference; explicitFileType = undefined; fileEncoding = 4; includeInIndex = 0; lastKnownFileType = sourcecode.c.objc; name = Diagnostic_Camera.m; path = cordova.plugins.diagnostic/Diagnostic_Camera.m; sourceTree = "<group>"; };
		09C3110D8B8446DF81553B9C /* NativeAudioAsset.m */ = {isa = PBXFileReference; explicitFileType = undefined; fileEncoding = 4; includeInIndex = 0; lastKnownFileType = sourcecode.c.objc; name = NativeAudioAsset.m; path = "cordova-plugin-nativeaudio/NativeAudioAsset.m"; sourceTree = "<group>"; };
		0B5EF0A6D52D4492BE653AC8 /* AFURLResponseSerialization.m */ = {isa = PBXFileReference; explicitFileType = undefined; fileEncoding = 4; includeInIndex = 0; lastKnownFileType = sourcecode.c.objc; name = AFURLResponseSerialization.m; path = "cordova-plugin-advanced-http/AFURLResponseSerialization.m"; sourceTree = "<group>"; };
		1296AAFB6EE247D4836C38A8 /* CDVDevice.h */ = {isa = PBXFileReference; explicitFileType = undefined; fileEncoding = 4; includeInIndex = 0; lastKnownFileType = sourcecode.c.h; name = CDVDevice.h; path = "cordova-plugin-device/CDVDevice.h"; sourceTree = "<group>"; };
		162DDC6B79804C5EB1037E0F /* CDVViewController+SplashScreen.h */ = {isa = PBXFileReference; explicitFileType = undefined; fileEncoding = 4; includeInIndex = 0; lastKnownFileType = sourcecode.c.h; name = "CDVViewController+SplashScreen.h"; path = "cordova-plugin-splashscreen/CDVViewController+SplashScreen.h"; sourceTree = "<group>"; };
		16522F5ABB8F4B92BC812A56 /* CoreVideo.framework */ = {isa = PBXFileReference; explicitFileType = undefined; fileEncoding = 9; includeInIndex = 0; lastKnownFileType = wrapper.framework; name = CoreVideo.framework; path = System/Library/Frameworks/CoreVideo.framework; sourceTree = SDKROOT; };
		16A9EBE910814315B7F9D71D /* CDVWKWebViewEngine.h */ = {isa = PBXFileReference; explicitFileType = undefined; fileEncoding = 4; includeInIndex = 0; lastKnownFileType = sourcecode.c.h; name = CDVWKWebViewEngine.h; path = "cordova-plugin-ionic-webview/CDVWKWebViewEngine.h"; sourceTree = "<group>"; };
		18632CB50A69419CAC694A71 /* Diagnostic_Contacts.h */ = {isa = PBXFileReference; explicitFileType = undefined; fileEncoding = 4; includeInIndex = 0; lastKnownFileType = sourcecode.c.h; name = Diagnostic_Contacts.h; path = cordova.plugins.diagnostic/Diagnostic_Contacts.h; sourceTree = "<group>"; };
		1A1CF46C40F44F39955F9E69 /* SDNetworkActivityIndicator.m */ = {isa = PBXFileReference; explicitFileType = undefined; fileEncoding = 4; includeInIndex = 0; lastKnownFileType = sourcecode.c.objc; name = SDNetworkActivityIndicator.m; path = "cordova-plugin-advanced-http/SDNetworkActivityIndicator.m"; sourceTree = "<group>"; };
		1D3623240D0F684500981E51 /* AppDelegate.h */ = {isa = PBXFileReference; fileEncoding = 4; lastKnownFileType = sourcecode.c.h; path = AppDelegate.h; sourceTree = "<group>"; };
		1D3623250D0F684500981E51 /* AppDelegate.m */ = {isa = PBXFileReference; fileEncoding = 4; lastKnownFileType = sourcecode.c.objc; path = AppDelegate.m; sourceTree = "<group>"; };
		1D6058910D05DD3D006BFB54 /* SimplyPermits LPR.app */ = {isa = PBXFileReference; explicitFileType = wrapper.application; includeInIndex = 0; path = "SimplyPermits LPR.app"; sourceTree = BUILT_PRODUCTS_DIR; };
		1E57B40CAE134F4F8AB9CDED /* Diagnostic_Bluetooth.h */ = {isa = PBXFileReference; explicitFileType = undefined; fileEncoding = 4; includeInIndex = 0; lastKnownFileType = sourcecode.c.h; name = Diagnostic_Bluetooth.h; path = cordova.plugins.diagnostic/Diagnostic_Bluetooth.h; sourceTree = "<group>"; };
		206AFF5750C843E18E0F5460 /* Diagnostic_Location.h */ = {isa = PBXFileReference; explicitFileType = undefined; fileEncoding = 4; includeInIndex = 0; lastKnownFileType = sourcecode.c.h; name = Diagnostic_Location.h; path = cordova.plugins.diagnostic/Diagnostic_Location.h; sourceTree = "<group>"; };
		212F7A5D2D774759ABCB646D /* AFURLRequestSerialization.m */ = {isa = PBXFileReference; explicitFileType = undefined; fileEncoding = 4; includeInIndex = 0; lastKnownFileType = sourcecode.c.objc; name = AFURLRequestSerialization.m; path = "cordova-plugin-advanced-http/AFURLRequestSerialization.m"; sourceTree = "<group>"; };
		214FA43733834CFD9E474EE4 /* NativeAudioAsset.h */ = {isa = PBXFileReference; explicitFileType = undefined; fileEncoding = 4; includeInIndex = 0; lastKnownFileType = sourcecode.c.h; name = NativeAudioAsset.h; path = "cordova-plugin-nativeaudio/NativeAudioAsset.h"; sourceTree = "<group>"; };
		2250AB51B4874A608D86B1E0 /* CordovaHttpPlugin.m */ = {isa = PBXFileReference; explicitFileType = undefined; fileEncoding = 4; includeInIndex = 0; lastKnownFileType = sourcecode.c.objc; name = CordovaHttpPlugin.m; path = "cordova-plugin-advanced-http/CordovaHttpPlugin.m"; sourceTree = "<group>"; };
		244CDD3A4725441F9DA95BFC /* CDVLocation.h */ = {isa = PBXFileReference; explicitFileType = undefined; fileEncoding = 4; includeInIndex = 0; lastKnownFileType = sourcecode.c.h; name = CDVLocation.h; path = "cordova-plugin-geolocation/CDVLocation.h"; sourceTree = "<group>"; };
		25B2277ABC6C40FFA0E6DC64 /* CDVWKWebViewUIDelegate.h */ = {isa = PBXFileReference; explicitFileType = undefined; fileEncoding = 4; includeInIndex = 0; lastKnownFileType = sourcecode.c.h; name = CDVWKWebViewUIDelegate.h; path = "cordova-plugin-ionic-webview/CDVWKWebViewUIDelegate.h"; sourceTree = "<group>"; };
		2965807700A1452C9F4789E4 /* CDVWKWebViewUIDelegate.m */ = {isa = PBXFileReference; explicitFileType = undefined; fileEncoding = 4; includeInIndex = 0; lastKnownFileType = sourcecode.c.objc; name = CDVWKWebViewUIDelegate.m; path = "cordova-plugin-ionic-webview/CDVWKWebViewUIDelegate.m"; sourceTree = "<group>"; };
		29B97316FDCFA39411CA2CEA /* main.m */ = {isa = PBXFileReference; fileEncoding = 4; lastKnownFileType = sourcecode.c.objc; path = main.m; sourceTree = "<group>"; };
		2A19CD14562E44F2B74287EB /* CDVStatusBar.h */ = {isa = PBXFileReference; explicitFileType = undefined; fileEncoding = 4; includeInIndex = 0; lastKnownFileType = sourcecode.c.h; name = CDVStatusBar.h; path = "cordova-plugin-statusbar/CDVStatusBar.h"; sourceTree = "<group>"; };
		2BF7B021238F4784B7AA57CF /* CDVSplashScreen.m */ = {isa = PBXFileReference; explicitFileType = undefined; fileEncoding = 4; includeInIndex = 0; lastKnownFileType = sourcecode.c.objc; name = CDVSplashScreen.m; path = "cordova-plugin-splashscreen/CDVSplashScreen.m"; sourceTree = "<group>"; };
		2C7C6376AA2543818E63C37E /* NativeAudio.m */ = {isa = PBXFileReference; explicitFileType = undefined; fileEncoding = 4; includeInIndex = 0; lastKnownFileType = sourcecode.c.objc; name = NativeAudio.m; path = "cordova-plugin-nativeaudio/NativeAudio.m"; sourceTree = "<group>"; };
		301BF52D109A57CC0062928A /* CordovaLib/CordovaLib.xcodeproj */ = {isa = PBXFileReference; lastKnownFileType = "wrapper.pb-project"; path = CordovaLib/CordovaLib.xcodeproj; sourceTree = "<group>"; };
		301BF56E109A69640062928A /* www */ = {isa = PBXFileReference; lastKnownFileType = folder; path = www; sourceTree = SOURCE_ROOT; };
		302D95EE14D2391D003F00A1 /* MainViewController.h */ = {isa = PBXFileReference; fileEncoding = 4; lastKnownFileType = sourcecode.c.h; path = MainViewController.h; sourceTree = "<group>"; };
		302D95EF14D2391D003F00A1 /* MainViewController.m */ = {isa = PBXFileReference; fileEncoding = 4; lastKnownFileType = sourcecode.c.objc; path = MainViewController.m; sourceTree = "<group>"; };
		302D95F014D2391D003F00A1 /* MainViewController.xib */ = {isa = PBXFileReference; fileEncoding = 4; lastKnownFileType = file.xib; path = MainViewController.xib; sourceTree = "<group>"; };
		3047A50F1AB8059700498E2A /* build-debug.xcconfig */ = {isa = PBXFileReference; fileEncoding = 4; lastKnownFileType = text.xcconfig; name = "build-debug.xcconfig"; path = "cordova/build-debug.xcconfig"; sourceTree = SOURCE_ROOT; };
		3047A5101AB8059700498E2A /* build-release.xcconfig */ = {isa = PBXFileReference; fileEncoding = 4; lastKnownFileType = text.xcconfig; name = "build-release.xcconfig"; path = "cordova/build-release.xcconfig"; sourceTree = SOURCE_ROOT; };
		3047A5111AB8059700498E2A /* build.xcconfig */ = {isa = PBXFileReference; fileEncoding = 4; lastKnownFileType = text.xcconfig; name = build.xcconfig; path = cordova/build.xcconfig; sourceTree = SOURCE_ROOT; };
		30497CBF9C2341F49B9D9F08 /* AFURLSessionManager.h */ = {isa = PBXFileReference; explicitFileType = undefined; fileEncoding = 4; includeInIndex = 0; lastKnownFileType = sourcecode.c.h; name = AFURLSessionManager.h; path = "cordova-plugin-advanced-http/AFURLSessionManager.h"; sourceTree = "<group>"; };
		3180CC33A7B04180A663C7B0 /* CDVFile.h */ = {isa = PBXFileReference; explicitFileType = undefined; fileEncoding = 4; includeInIndex = 0; lastKnownFileType = sourcecode.c.h; name = CDVFile.h; path = "cordova-plugin-file/CDVFile.h"; sourceTree = "<group>"; };
		32A40296CECA4C6C8638D76A /* UserNotifications.framework */ = {isa = PBXFileReference; explicitFileType = undefined; fileEncoding = 9; includeInIndex = 0; lastKnownFileType = wrapper.framework; name = UserNotifications.framework; path = System/Library/Frameworks/UserNotifications.framework; sourceTree = SDKROOT; };
		32CA4F630368D1EE00C91783 /* SimplyPermits LPR-Prefix.pch */ = {isa = PBXFileReference; fileEncoding = 4; lastKnownFileType = sourcecode.c.h; path = "SimplyPermits LPR-Prefix.pch"; sourceTree = "<group>"; };
		3399F7FC7581452B929FDC9F /* AFSecurityPolicy.h */ = {isa = PBXFileReference; explicitFileType = undefined; fileEncoding = 4; includeInIndex = 0; lastKnownFileType = sourcecode.c.h; name = AFSecurityPolicy.h; path = "cordova-plugin-advanced-http/AFSecurityPolicy.h"; sourceTree = "<group>"; };
		35A27D4336754D7C889EE45C /* PowerManagement.m */ = {isa = PBXFileReference; explicitFileType = undefined; fileEncoding = 4; includeInIndex = 0; lastKnownFileType = sourcecode.c.objc; name = PowerManagement.m; path = at.gofg.sportscomputer.powermanagement/PowerManagement.m; sourceTree = "<group>"; };
		35F2F634B3164579BF9C756D /* EventKit.framework */ = {isa = PBXFileReference; explicitFileType = undefined; fileEncoding = 9; includeInIndex = 0; lastKnownFileType = wrapper.framework; name = EventKit.framework; path = System/Library/Frameworks/EventKit.framework; sourceTree = SDKROOT; };
		38114D333B114189895C5860 /* RequestLocationAccuracy.h */ = {isa = PBXFileReference; explicitFileType = undefined; fileEncoding = 4; includeInIndex = 0; lastKnownFileType = sourcecode.c.h; name = RequestLocationAccuracy.h; path = "cordova-plugin-request-location-accuracy/RequestLocationAccuracy.h"; sourceTree = "<group>"; };
		381637881E5D4D3EAEEA8C37 /* CDVOrientation.m */ = {isa = PBXFileReference; explicitFileType = undefined; fileEncoding = 4; includeInIndex = 0; lastKnownFileType = sourcecode.c.objc; name = CDVOrientation.m; path = "cordova-plugin-screen-orientation/CDVOrientation.m"; sourceTree = "<group>"; };
		398BEE120FBC41ED96D0F0AB /* AFURLResponseSerialization.h */ = {isa = PBXFileReference; explicitFileType = undefined; fileEncoding = 4; includeInIndex = 0; lastKnownFileType = sourcecode.c.h; name = AFURLResponseSerialization.h; path = "cordova-plugin-advanced-http/AFURLResponseSerialization.h"; sourceTree = "<group>"; };
		3DED8F52B9FB4B9BA874C41E /* CDVViewController+SplashScreen.m */ = {isa = PBXFileReference; explicitFileType = undefined; fileEncoding = 4; includeInIndex = 0; lastKnownFileType = sourcecode.c.objc; name = "CDVViewController+SplashScreen.m"; path = "cordova-plugin-splashscreen/CDVViewController+SplashScreen.m"; sourceTree = "<group>"; };
		3EC55799E3B24BB6AC236A63 /* CDVFileTransfer.m */ = {isa = PBXFileReference; explicitFileType = undefined; fileEncoding = 4; includeInIndex = 0; lastKnownFileType = sourcecode.c.objc; name = CDVFileTransfer.m; path = "cordova-plugin-file-transfer/CDVFileTransfer.m"; sourceTree = "<group>"; };
		415A3E91DEE3442A8F146439 /* TemperatureAndTint.m */ = {isa = PBXFileReference; explicitFileType = undefined; fileEncoding = 4; includeInIndex = 0; lastKnownFileType = sourcecode.c.objc; name = TemperatureAndTint.m; path = "cordova-plugin-camera-preview/TemperatureAndTint.m"; sourceTree = "<group>"; };
		4291E8F358764B84B6245E85 /* CameraRenderController.m */ = {isa = PBXFileReference; explicitFileType = undefined; fileEncoding = 4; includeInIndex = 0; lastKnownFileType = sourcecode.c.objc; name = CameraRenderController.m; path = "cordova-plugin-camera-preview/CameraRenderController.m"; sourceTree = "<group>"; };
		456AB4F5195A43369FE21018 /* CDVInAppBrowser.h */ = {isa = PBXFileReference; explicitFileType = undefined; fileEncoding = 4; includeInIndex = 0; lastKnownFileType = sourcecode.c.h; name = CDVInAppBrowser.h; path = "cordova-plugin-inappbrowser/CDVInAppBrowser.h"; sourceTree = "<group>"; };
		4C6CB6A39E6048B888A7CF09 /* CDVOrientation.h */ = {isa = PBXFileReference; explicitFileType = undefined; fileEncoding = 4; includeInIndex = 0; lastKnownFileType = sourcecode.c.h; name = CDVOrientation.h; path = "cordova-plugin-screen-orientation/CDVOrientation.h"; sourceTree = "<group>"; };
		4EBA4E9EEB704F2AA09CD61C /* AFNetworking.h */ = {isa = PBXFileReference; explicitFileType = undefined; fileEncoding = 4; includeInIndex = 0; lastKnownFileType = sourcecode.c.h; name = AFNetworking.h; path = "cordova-plugin-advanced-http/AFNetworking.h"; sourceTree = "<group>"; };
		4F389CC3BBFF4425BB526F4F /* CDVSplashScreen.h */ = {isa = PBXFileReference; explicitFileType = undefined; fileEncoding = 4; includeInIndex = 0; lastKnownFileType = sourcecode.c.h; name = CDVSplashScreen.h; path = "cordova-plugin-splashscreen/CDVSplashScreen.h"; sourceTree = "<group>"; };
		51BD34B1576E4E2A8F2EFC84 /* CDVStatusBar.m */ = {isa = PBXFileReference; explicitFileType = undefined; fileEncoding = 4; includeInIndex = 0; lastKnownFileType = sourcecode.c.objc; name = CDVStatusBar.m; path = "cordova-plugin-statusbar/CDVStatusBar.m"; sourceTree = "<group>"; };
		5297B23615D342D6A07FBE76 /* Diagnostic_Microphone.h */ = {isa = PBXFileReference; explicitFileType = undefined; fileEncoding = 4; includeInIndex = 0; lastKnownFileType = sourcecode.c.h; name = Diagnostic_Microphone.h; path = cordova.plugins.diagnostic/Diagnostic_Microphone.h; sourceTree = "<group>"; };
		54631F933C37418EA92D484B /* CoreBluetooth.framework */ = {isa = PBXFileReference; explicitFileType = undefined; fileEncoding = 9; includeInIndex = 0; lastKnownFileType = wrapper.framework; name = CoreBluetooth.framework; path = System/Library/Frameworks/CoreBluetooth.framework; sourceTree = SDKROOT; };
		5AC3FB5236024A83858FEE48 /* CordovaHttpPlugin.h */ = {isa = PBXFileReference; explicitFileType = undefined; fileEncoding = 4; includeInIndex = 0; lastKnownFileType = sourcecode.c.h; name = CordovaHttpPlugin.h; path = "cordova-plugin-advanced-http/CordovaHttpPlugin.h"; sourceTree = "<group>"; };
		5BCC994AA80045FA9CB43C4D /* AFNetworkReachabilityManager.m */ = {isa = PBXFileReference; explicitFileType = undefined; fileEncoding = 4; includeInIndex = 0; lastKnownFileType = sourcecode.c.objc; name = AFNetworkReachabilityManager.m; path = "cordova-plugin-advanced-http/AFNetworkReachabilityManager.m"; sourceTree = "<group>"; };
		5BE8942ED7DF409A906057C6 /* AFNetworkReachabilityManager.h */ = {isa = PBXFileReference; explicitFileType = undefined; fileEncoding = 4; includeInIndex = 0; lastKnownFileType = sourcecode.c.h; name = AFNetworkReachabilityManager.h; path = "cordova-plugin-advanced-http/AFNetworkReachabilityManager.h"; sourceTree = "<group>"; };
		5C184D0DEC864BEB96FD8C50 /* AFSecurityPolicy.m */ = {isa = PBXFileReference; explicitFileType = undefined; fileEncoding = 4; includeInIndex = 0; lastKnownFileType = sourcecode.c.objc; name = AFSecurityPolicy.m; path = "cordova-plugin-advanced-http/AFSecurityPolicy.m"; sourceTree = "<group>"; };
		5D620E1969D3467BA408865E /* Diagnostic_Camera.h */ = {isa = PBXFileReference; explicitFileType = undefined; fileEncoding = 4; includeInIndex = 0; lastKnownFileType = sourcecode.c.h; name = Diagnostic_Camera.h; path = cordova.plugins.diagnostic/Diagnostic_Camera.h; sourceTree = "<group>"; };
		5F043E666F9D4392B3C2A3B6 /* CDVLocalFilesystem.m */ = {isa = PBXFileReference; explicitFileType = undefined; fileEncoding = 4; includeInIndex = 0; lastKnownFileType = sourcecode.c.objc; name = CDVLocalFilesystem.m; path = "cordova-plugin-file/CDVLocalFilesystem.m"; sourceTree = "<group>"; };
		5F9D70373EFA4F23B02866F1 /* AFHTTPSessionManager.h */ = {isa = PBXFileReference; explicitFileType = undefined; fileEncoding = 4; includeInIndex = 0; lastKnownFileType = sourcecode.c.h; name = AFHTTPSessionManager.h; path = "cordova-plugin-advanced-http/AFHTTPSessionManager.h"; sourceTree = "<group>"; };
		6067A8EA005E4A9997ADAB8B /* PowerManagement.h */ = {isa = PBXFileReference; explicitFileType = undefined; fileEncoding = 4; includeInIndex = 0; lastKnownFileType = sourcecode.c.h; name = PowerManagement.h; path = at.gofg.sportscomputer.powermanagement/PowerManagement.h; sourceTree = "<group>"; };
		60952F3E5F3B4C089556979C /* OpenGLES.framework */ = {isa = PBXFileReference; explicitFileType = undefined; fileEncoding = 9; includeInIndex = 0; lastKnownFileType = wrapper.framework; name = OpenGLES.framework; path = System/Library/Frameworks/OpenGLES.framework; sourceTree = SDKROOT; };
		699760A7811246DFA3132F0A /* QuartzCore.framework */ = {isa = PBXFileReference; explicitFileType = undefined; fileEncoding = 9; includeInIndex = 0; lastKnownFileType = wrapper.framework; name = QuartzCore.framework; path = System/Library/Frameworks/QuartzCore.framework; sourceTree = SDKROOT; };
		6AFF5BF81D6E424B00AB3073 /* CDVLaunchScreen.storyboard */ = {isa = PBXFileReference; fileEncoding = 4; lastKnownFileType = file.storyboard; name = CDVLaunchScreen.storyboard; path = "SimplyPermits LPR/CDVLaunchScreen.storyboard"; sourceTree = SOURCE_ROOT; };
		6B458C2CD2D04BA0B665260F /* SDNetworkActivityIndicator.h */ = {isa = PBXFileReference; explicitFileType = undefined; fileEncoding = 4; includeInIndex = 0; lastKnownFileType = sourcecode.c.h; name = SDNetworkActivityIndicator.h; path = "cordova-plugin-advanced-http/SDNetworkActivityIndicator.h"; sourceTree = "<group>"; };
		6D4DCA7E70C0422CAD4412CD /* Contacts.framework */ = {isa = PBXFileReference; explicitFileType = undefined; fileEncoding = 9; includeInIndex = 0; lastKnownFileType = wrapper.framework; name = Contacts.framework; path = System/Library/Frameworks/Contacts.framework; sourceTree = SDKROOT; };
		6ECE23E9F89D4E2E8140F0BE /* Foundation.framework */ = {isa = PBXFileReference; explicitFileType = undefined; fileEncoding = 9; includeInIndex = 0; lastKnownFileType = wrapper.framework; name = Foundation.framework; path = System/Library/Frameworks/Foundation.framework; sourceTree = SDKROOT; };
		6ECEB61211AD4EF4832DF628 /* Diagnostic.h */ = {isa = PBXFileReference; explicitFileType = undefined; fileEncoding = 4; includeInIndex = 0; lastKnownFileType = sourcecode.c.h; name = Diagnostic.h; path = cordova.plugins.diagnostic/Diagnostic.h; sourceTree = "<group>"; };
		70EBD268B1CB4C1F983095DA /* CDVAssetLibraryFilesystem.h */ = {isa = PBXFileReference; explicitFileType = undefined; fileEncoding = 4; includeInIndex = 0; lastKnownFileType = sourcecode.c.h; name = CDVAssetLibraryFilesystem.h; path = "cordova-plugin-file/CDVAssetLibraryFilesystem.h"; sourceTree = "<group>"; };
		76DDACEBB6224863AE3B27B5 /* Diagnostic.m */ = {isa = PBXFileReference; explicitFileType = undefined; fileEncoding = 4; includeInIndex = 0; lastKnownFileType = sourcecode.c.objc; name = Diagnostic.m; path = cordova.plugins.diagnostic/Diagnostic.m; sourceTree = "<group>"; };
		771587FD7E034691A12E5775 /* CDVLocation.m */ = {isa = PBXFileReference; explicitFileType = undefined; fileEncoding = 4; includeInIndex = 0; lastKnownFileType = sourcecode.c.objc; name = CDVLocation.m; path = "cordova-plugin-geolocation/CDVLocation.m"; sourceTree = "<group>"; };
		797A75B7272C4CB1A7ECEEC6 /* Diagnostic_Motion.h */ = {isa = PBXFileReference; explicitFileType = undefined; fileEncoding = 4; includeInIndex = 0; lastKnownFileType = sourcecode.c.h; name = Diagnostic_Motion.h; path = cordova.plugins.diagnostic/Diagnostic_Motion.h; sourceTree = "<group>"; };
		7C9CA81E4D7E48D4B54291F1 /* CoreImage.framework */ = {isa = PBXFileReference; explicitFileType = undefined; fileEncoding = 9; includeInIndex = 0; lastKnownFileType = wrapper.framework; name = CoreImage.framework; path = System/Library/Frameworks/CoreImage.framework; sourceTree = SDKROOT; };
		7D8D2E3E0EEA4C9ABF3DFB77 /* AVFoundation.framework */ = {isa = PBXFileReference; explicitFileType = undefined; fileEncoding = 9; includeInIndex = 0; lastKnownFileType = wrapper.framework; name = AVFoundation.framework; path = System/Library/Frameworks/AVFoundation.framework; sourceTree = SDKROOT; };
		7E745744FBF6438FB5D01D6E /* Diagnostic_Calendar.h */ = {isa = PBXFileReference; explicitFileType = undefined; fileEncoding = 4; includeInIndex = 0; lastKnownFileType = sourcecode.c.h; name = Diagnostic_Calendar.h; path = cordova.plugins.diagnostic/Diagnostic_Calendar.h; sourceTree = "<group>"; };
		85143B99C9D142F794E10126 /* CoreLocation.framework */ = {isa = PBXFileReference; explicitFileType = undefined; fileEncoding = 9; includeInIndex = 0; lastKnownFileType = wrapper.framework; name = CoreLocation.framework; path = System/Library/Frameworks/CoreLocation.framework; sourceTree = SDKROOT; };
		856BAFAC3A5A4AA1AEEAE3C8 /* CameraRenderController.h */ = {isa = PBXFileReference; explicitFileType = undefined; fileEncoding = 4; includeInIndex = 0; lastKnownFileType = sourcecode.c.h; name = CameraRenderController.h; path = "cordova-plugin-camera-preview/CameraRenderController.h"; sourceTree = "<group>"; };
		885B1EA0B8F749CBB74C9F61 /* TextResponseSerializer.m */ = {isa = PBXFileReference; explicitFileType = undefined; fileEncoding = 4; includeInIndex = 0; lastKnownFileType = sourcecode.c.objc; name = TextResponseSerializer.m; path = "cordova-plugin-advanced-http/TextResponseSerializer.m"; sourceTree = "<group>"; };
		8A2D24423D7843FBBDD7F93A /* CDVIonicKeyboard.m */ = {isa = PBXFileReference; explicitFileType = undefined; fileEncoding = 4; includeInIndex = 0; lastKnownFileType = sourcecode.c.objc; name = CDVIonicKeyboard.m; path = "cordova-plugin-ionic-keyboard/CDVIonicKeyboard.m"; sourceTree = "<group>"; };
		8BF2EFAFA12A4093B3E0E7E0 /* TextRequestSerializer.h */ = {isa = PBXFileReference; explicitFileType = undefined; fileEncoding = 4; includeInIndex = 0; lastKnownFileType = sourcecode.c.h; name = TextRequestSerializer.h; path = "cordova-plugin-advanced-http/TextRequestSerializer.h"; sourceTree = "<group>"; };
		8D1107310486CEB800E47090 /* SimplyPermits LPR-Info.plist */ = {isa = PBXFileReference; fileEncoding = 4; lastKnownFileType = text.plist.xml; name = "SimplyPermits LPR-Info.plist"; path = "SimplyPermits LPR/SimplyPermits LPR-Info.plist"; plistStructureDefinitionIdentifier = "com.apple.xcode.plist.structure-definition.iphone.info-plist"; sourceTree = SOURCE_ROOT; };
		90C4CAB9E4194C2A8475A0A9 /* CDVIonicKeyboard.h */ = {isa = PBXFileReference; explicitFileType = undefined; fileEncoding = 4; includeInIndex = 0; lastKnownFileType = sourcecode.c.h; name = CDVIonicKeyboard.h; path = "cordova-plugin-ionic-keyboard/CDVIonicKeyboard.h"; sourceTree = "<group>"; };
		92DAEC5E04F04C209BECA7CF /* NativeAudio.h */ = {isa = PBXFileReference; explicitFileType = undefined; fileEncoding = 4; includeInIndex = 0; lastKnownFileType = sourcecode.c.h; name = NativeAudio.h; path = "cordova-plugin-nativeaudio/NativeAudio.h"; sourceTree = "<group>"; };
		9629DE53AB3A4CEEB1506316 /* Diagnostic_Reminders.h */ = {isa = PBXFileReference; explicitFileType = undefined; fileEncoding = 4; includeInIndex = 0; lastKnownFileType = sourcecode.c.h; name = Diagnostic_Reminders.h; path = cordova.plugins.diagnostic/Diagnostic_Reminders.h; sourceTree = "<group>"; };
		9B13387113794934B7898BC3 /* AFHTTPSessionManager.m */ = {isa = PBXFileReference; explicitFileType = undefined; fileEncoding = 4; includeInIndex = 0; lastKnownFileType = sourcecode.c.objc; name = AFHTTPSessionManager.m; path = "cordova-plugin-advanced-http/AFHTTPSessionManager.m"; sourceTree = "<group>"; };
		9CEC702AA5DE4C47852FEDF4 /* Photos.framework */ = {isa = PBXFileReference; explicitFileType = undefined; fileEncoding = 9; includeInIndex = 0; lastKnownFileType = wrapper.framework; name = Photos.framework; path = System/Library/Frameworks/Photos.framework; sourceTree = SDKROOT; };
		9D7D74031A2B4FE49BD3FD16 /* RequestLocationAccuracy.m */ = {isa = PBXFileReference; explicitFileType = undefined; fileEncoding = 4; includeInIndex = 0; lastKnownFileType = sourcecode.c.objc; name = RequestLocationAccuracy.m; path = "cordova-plugin-request-location-accuracy/RequestLocationAccuracy.m"; sourceTree = "<group>"; };
		9F9B86B74BA846E6B8250EDC /* CoreMotion.framework */ = {isa = PBXFileReference; explicitFileType = undefined; fileEncoding = 9; includeInIndex = 0; lastKnownFileType = wrapper.framework; name = CoreMotion.framework; path = System/Library/Frameworks/CoreMotion.framework; sourceTree = SDKROOT; };
		A2E796E411864DD2AD8E9BC7 /* IONAssetHandler.h */ = {isa = PBXFileReference; explicitFileType = undefined; fileEncoding = 4; includeInIndex = 0; lastKnownFileType = sourcecode.c.h; name = IONAssetHandler.h; path = "cordova-plugin-ionic-webview/IONAssetHandler.h"; sourceTree = "<group>"; };
		A4F49C9418A0407992E878CE /* CDVAssetLibraryFilesystem.m */ = {isa = PBXFileReference; explicitFileType = undefined; fileEncoding = 4; includeInIndex = 0; lastKnownFileType = sourcecode.c.objc; name = CDVAssetLibraryFilesystem.m; path = "cordova-plugin-file/CDVAssetLibraryFilesystem.m"; sourceTree = "<group>"; };
		A679FE4B4174458DA3378D53 /* SystemConfiguration.framework */ = {isa = PBXFileReference; explicitFileType = undefined; fileEncoding = 9; includeInIndex = 0; lastKnownFileType = wrapper.framework; name = SystemConfiguration.framework; path = System/Library/Frameworks/SystemConfiguration.framework; sourceTree = SDKROOT; };
		A85D93EAB7C6446494C4B73B /* AFURLSessionManager.m */ = {isa = PBXFileReference; explicitFileType = undefined; fileEncoding = 4; includeInIndex = 0; lastKnownFileType = sourcecode.c.objc; name = AFURLSessionManager.m; path = "cordova-plugin-advanced-http/AFURLSessionManager.m"; sourceTree = "<group>"; };
		A8EBC31EA46349438F004FAD /* TemperatureAndTint.h */ = {isa = PBXFileReference; explicitFileType = undefined; fileEncoding = 4; includeInIndex = 0; lastKnownFileType = sourcecode.c.h; name = TemperatureAndTint.h; path = "cordova-plugin-camera-preview/TemperatureAndTint.h"; sourceTree = "<group>"; };
		AA5C534E31004882B80EFC60 /* WebKit.framework */ = {isa = PBXFileReference; explicitFileType = undefined; fileEncoding = 9; includeInIndex = 0; lastKnownFileType = wrapper.framework; name = WebKit.framework; path = System/Library/Frameworks/WebKit.framework; sourceTree = SDKROOT; };
		AAEE775476D244E78E1780E3 /* Diagnostic_Wifi.m */ = {isa = PBXFileReference; explicitFileType = undefined; fileEncoding = 4; includeInIndex = 0; lastKnownFileType = sourcecode.c.objc; name = Diagnostic_Wifi.m; path = cordova.plugins.diagnostic/Diagnostic_Wifi.m; sourceTree = "<group>"; };
		AD01924CB1FD4D2E8C6AF33D /* CDVWKProcessPoolFactory.m */ = {isa = PBXFileReference; explicitFileType = undefined; fileEncoding = 4; includeInIndex = 0; lastKnownFileType = sourcecode.c.objc; name = CDVWKProcessPoolFactory.m; path = "cordova-plugin-ionic-webview/CDVWKProcessPoolFactory.m"; sourceTree = "<group>"; };
		AF8D04D090C4443AA49611C8 /* AudioToolbox.framework */ = {isa = PBXFileReference; explicitFileType = undefined; fileEncoding = 9; includeInIndex = 0; lastKnownFileType = wrapper.framework; name = AudioToolbox.framework; path = System/Library/Frameworks/AudioToolbox.framework; sourceTree = SDKROOT; };
		B0ADDEB41CBF43F1A2DE06B4 /* Diagnostic_Bluetooth.m */ = {isa = PBXFileReference; explicitFileType = undefined; fileEncoding = 4; includeInIndex = 0; lastKnownFileType = sourcecode.c.objc; name = Diagnostic_Bluetooth.m; path = cordova.plugins.diagnostic/Diagnostic_Bluetooth.m; sourceTree = "<group>"; };
		B4D4137226B9423E86AE515A /* Security.framework */ = {isa = PBXFileReference; explicitFileType = undefined; fileEncoding = 9; includeInIndex = 0; lastKnownFileType = wrapper.framework; name = Security.framework; path = System/Library/Frameworks/Security.framework; sourceTree = SDKROOT; };
		B714F058B41D419FB997E34E /* CDVFile.m */ = {isa = PBXFileReference; explicitFileType = undefined; fileEncoding = 4; includeInIndex = 0; lastKnownFileType = sourcecode.c.objc; name = CDVFile.m; path = "cordova-plugin-file/CDVFile.m"; sourceTree = "<group>"; };
		BF7C5AF4FC524814B621BDC2 /* CameraPreview.h */ = {isa = PBXFileReference; explicitFileType = undefined; fileEncoding = 4; includeInIndex = 0; lastKnownFileType = sourcecode.c.h; name = CameraPreview.h; path = "cordova-plugin-camera-preview/CameraPreview.h"; sourceTree = "<group>"; };
		C4F9E1599C69495B8FE83BD0 /* AFURLRequestSerialization.h */ = {isa = PBXFileReference; explicitFileType = undefined; fileEncoding = 4; includeInIndex = 0; lastKnownFileType = sourcecode.c.h; name = AFURLRequestSerialization.h; path = "cordova-plugin-advanced-http/AFURLRequestSerialization.h"; sourceTree = "<group>"; };
		CCBF9CDEF8B1487FAF57F470 /* TextRequestSerializer.m */ = {isa = PBXFileReference; explicitFileType = undefined; fileEncoding = 4; includeInIndex = 0; lastKnownFileType = sourcecode.c.objc; name = TextRequestSerializer.m; path = "cordova-plugin-advanced-http/TextRequestSerializer.m"; sourceTree = "<group>"; };
		CD799585D42C4187B5630C51 /* Diagnostic_Reminders.m */ = {isa = PBXFileReference; explicitFileType = undefined; fileEncoding = 4; includeInIndex = 0; lastKnownFileType = sourcecode.c.objc; name = Diagnostic_Reminders.m; path = cordova.plugins.diagnostic/Diagnostic_Reminders.m; sourceTree = "<group>"; };
		CF3260F658EA48FFA82EC513 /* AddressBook.framework */ = {isa = PBXFileReference; explicitFileType = undefined; fileEncoding = 9; includeInIndex = 0; lastKnownFileType = wrapper.framework; name = AddressBook.framework; path = System/Library/Frameworks/AddressBook.framework; sourceTree = SDKROOT; };
		D06EA19ACFCF42B29CED7F71 /* Diagnostic_Contacts.m */ = {isa = PBXFileReference; explicitFileType = undefined; fileEncoding = 4; includeInIndex = 0; lastKnownFileType = sourcecode.c.objc; name = Diagnostic_Contacts.m; path = cordova.plugins.diagnostic/Diagnostic_Contacts.m; sourceTree = "<group>"; };
		D1E02A00F0E54445A2ED9F07 /* Diagnostic_Microphone.m */ = {isa = PBXFileReference; explicitFileType = undefined; fileEncoding = 4; includeInIndex = 0; lastKnownFileType = sourcecode.c.objc; name = Diagnostic_Microphone.m; path = cordova.plugins.diagnostic/Diagnostic_Microphone.m; sourceTree = "<group>"; };
		D2F4E41A91F546718032D450 /* Diagnostic_Calendar.m */ = {isa = PBXFileReference; explicitFileType = undefined; fileEncoding = 4; includeInIndex = 0; lastKnownFileType = sourcecode.c.objc; name = Diagnostic_Calendar.m; path = cordova.plugins.diagnostic/Diagnostic_Calendar.m; sourceTree = "<group>"; };
		D389B57F56AB44B88BBD1EB3 /* IONAssetHandler.m */ = {isa = PBXFileReference; explicitFileType = undefined; fileEncoding = 4; includeInIndex = 0; lastKnownFileType = sourcecode.c.objc; name = IONAssetHandler.m; path = "cordova-plugin-ionic-webview/IONAssetHandler.m"; sourceTree = "<group>"; };
		D6CDC64293DA427AADE1BCD2 /* CDVLocalFilesystem.h */ = {isa = PBXFileReference; explicitFileType = undefined; fileEncoding = 4; includeInIndex = 0; lastKnownFileType = sourcecode.c.h; name = CDVLocalFilesystem.h; path = "cordova-plugin-file/CDVLocalFilesystem.h"; sourceTree = "<group>"; };
		D8146F83BEB4485D898ED84A /* Diagnostic_Location.m */ = {isa = PBXFileReference; explicitFileType = undefined; fileEncoding = 4; includeInIndex = 0; lastKnownFileType = sourcecode.c.objc; name = Diagnostic_Location.m; path = cordova.plugins.diagnostic/Diagnostic_Location.m; sourceTree = "<group>"; };
		DB916F2239984691A57E8C05 /* CameraSessionManager.h */ = {isa = PBXFileReference; explicitFileType = undefined; fileEncoding = 4; includeInIndex = 0; lastKnownFileType = sourcecode.c.h; name = CameraSessionManager.h; path = "cordova-plugin-camera-preview/CameraSessionManager.h"; sourceTree = "<group>"; };
		DC10B04980CC4766BCDB342E /* Diagnostic_Wifi.h */ = {isa = PBXFileReference; explicitFileType = undefined; fileEncoding = 4; includeInIndex = 0; lastKnownFileType = sourcecode.c.h; name = Diagnostic_Wifi.h; path = cordova.plugins.diagnostic/Diagnostic_Wifi.h; sourceTree = "<group>"; };
		E0EDDB931CAB48B9BCADC589 /* Diagnostic_Motion.m */ = {isa = PBXFileReference; explicitFileType = undefined; fileEncoding = 4; includeInIndex = 0; lastKnownFileType = sourcecode.c.objc; name = Diagnostic_Motion.m; path = cordova.plugins.diagnostic/Diagnostic_Motion.m; sourceTree = "<group>"; };
		E42D7082EB53492A90C1974A /* CDVDevice.m */ = {isa = PBXFileReference; explicitFileType = undefined; fileEncoding = 4; includeInIndex = 0; lastKnownFileType = sourcecode.c.objc; name = CDVDevice.m; path = "cordova-plugin-device/CDVDevice.m"; sourceTree = "<group>"; };
		EA42E6BC012A4F7CBBF6BFCB /* ImageIO.framework */ = {isa = PBXFileReference; explicitFileType = undefined; fileEncoding = 9; includeInIndex = 0; lastKnownFileType = wrapper.framework; name = ImageIO.framework; path = System/Library/Frameworks/ImageIO.framework; sourceTree = SDKROOT; };
		EB87FDF31871DA8E0020F90C /* www */ = {isa = PBXFileReference; lastKnownFileType = folder; name = www; path = ../../www; sourceTree = "<group>"; };
		EB87FDF41871DAF40020F90C /* config.xml */ = {isa = PBXFileReference; lastKnownFileType = text.xml; name = config.xml; path = ../../config.xml; sourceTree = "<group>"; };
		ED33DF2A687741AEAF9F8254 /* Bridging-Header.h */ = {isa = PBXFileReference; fileEncoding = 4; lastKnownFileType = sourcecode.c.h; path = "Bridging-Header.h"; sourceTree = "<group>"; };
		EF9F7BF3477146ADB2DA1131 /* CDVInAppBrowser.m */ = {isa = PBXFileReference; explicitFileType = undefined; fileEncoding = 4; includeInIndex = 0; lastKnownFileType = sourcecode.c.objc; name = CDVInAppBrowser.m; path = "cordova-plugin-inappbrowser/CDVInAppBrowser.m"; sourceTree = "<group>"; };
		F1E8485454674D9FBF51FA33 /* CDVFileTransfer.h */ = {isa = PBXFileReference; explicitFileType = undefined; fileEncoding = 4; includeInIndex = 0; lastKnownFileType = sourcecode.c.h; name = CDVFileTransfer.h; path = "cordova-plugin-file-transfer/CDVFileTransfer.h"; sourceTree = "<group>"; };
		F2FA49564F7048FA8526D413 /* CameraSessionManager.m */ = {isa = PBXFileReference; explicitFileType = undefined; fileEncoding = 4; includeInIndex = 0; lastKnownFileType = sourcecode.c.objc; name = CameraSessionManager.m; path = "cordova-plugin-camera-preview/CameraSessionManager.m"; sourceTree = "<group>"; };
		F46A9BB35D8F4498B79E8490 /* TextResponseSerializer.h */ = {isa = PBXFileReference; explicitFileType = undefined; fileEncoding = 4; includeInIndex = 0; lastKnownFileType = sourcecode.c.h; name = TextResponseSerializer.h; path = "cordova-plugin-advanced-http/TextResponseSerializer.h"; sourceTree = "<group>"; };
		F55EC295C288413DAAC4C574 /* Diagnostic_Notifications.m */ = {isa = PBXFileReference; explicitFileType = undefined; fileEncoding = 4; includeInIndex = 0; lastKnownFileType = sourcecode.c.objc; name = Diagnostic_Notifications.m; path = cordova.plugins.diagnostic/Diagnostic_Notifications.m; sourceTree = "<group>"; };
		F63B8D20219F4FAF83A5F0A1 /* CDVWKWebViewEngine.m */ = {isa = PBXFileReference; explicitFileType = undefined; fileEncoding = 4; includeInIndex = 0; lastKnownFileType = sourcecode.c.objc; name = CDVWKWebViewEngine.m; path = "cordova-plugin-ionic-webview/CDVWKWebViewEngine.m"; sourceTree = "<group>"; };
		F66C6F86C80A4D9DA81AEA68 /* Diagnostic_Notifications.h */ = {isa = PBXFileReference; explicitFileType = undefined; fileEncoding = 4; includeInIndex = 0; lastKnownFileType = sourcecode.c.h; name = Diagnostic_Notifications.h; path = cordova.plugins.diagnostic/Diagnostic_Notifications.h; sourceTree = "<group>"; };
		F840E1F0165FE0F500CFE078 /* config.xml */ = {isa = PBXFileReference; lastKnownFileType = text.xml; name = config.xml; path = "SimplyPermits LPR/config.xml"; sourceTree = "<group>"; };
		F9EBC4BD5798451785CE3899 /* CDVWKProcessPoolFactory.h */ = {isa = PBXFileReference; explicitFileType = undefined; fileEncoding = 4; includeInIndex = 0; lastKnownFileType = sourcecode.c.h; name = CDVWKProcessPoolFactory.h; path = "cordova-plugin-ionic-webview/CDVWKProcessPoolFactory.h"; sourceTree = "<group>"; };
		F9F45D6B3AF344C69443AECE /* GLKit.framework */ = {isa = PBXFileReference; explicitFileType = undefined; fileEncoding = 9; includeInIndex = 0; lastKnownFileType = wrapper.framework; name = GLKit.framework; path = System/Library/Frameworks/GLKit.framework; sourceTree = SDKROOT; };
		FAAD2225906D4BFAB5794FA5 /* CameraPreview.m */ = {isa = PBXFileReference; explicitFileType = undefined; fileEncoding = 4; includeInIndex = 0; lastKnownFileType = sourcecode.c.objc; name = CameraPreview.m; path = "cordova-plugin-camera-preview/CameraPreview.m"; sourceTree = "<group>"; };
/* End PBXFileReference section */

/* Begin PBXFrameworksBuildPhase section */
		1D60588F0D05DD3D006BFB54 /* Frameworks */ = {
			isa = PBXFrameworksBuildPhase;
			buildActionMask = 2147483647;
			files = (
				301BF552109A68D80062928A /* libCordova.a in Frameworks */,
				2F918B4D539D4D0B8105B537 /* Security.framework in Frameworks */,
				034F7899FD044BD8A823355E /* SystemConfiguration.framework in Frameworks */,
				2282C541B2A3484E9358805A /* WebKit.framework in Frameworks */,
				C8AA99F7C79542F197FD76DE /* ImageIO.framework in Frameworks */,
				BE6968538C30467DB7B219B9 /* CoreLocation.framework in Frameworks */,
				FE2CE1B035D94011AAABAE94 /* CoreImage.framework in Frameworks */,
				21BFD4DA76A444869D4ABFBA /* OpenGLES.framework in Frameworks */,
				A8D7A95618A54C6AB05A4396 /* GLKit.framework in Frameworks */,
				B280A84F303E44BCBC64E2D9 /* CoreVideo.framework in Frameworks */,
				6BE6A347F2D846148F37BC50 /* QuartzCore.framework in Frameworks */,
				B03D8938C5A84653AEAA2F25 /* CoreBluetooth.framework in Frameworks */,
				41FB4DE5F46C453783430606 /* Photos.framework in Frameworks */,
				DA8ACDD04A0F42C98A8E5992 /* AVFoundation.framework in Frameworks */,
				4111967BB3A245ECB57C4B39 /* UserNotifications.framework in Frameworks */,
				31651502286E469BA3D94CE5 /* Contacts.framework in Frameworks */,
				1F52DA1BE45F4D309B5A154B /* AddressBook.framework in Frameworks */,
				AE3CC16045BE49B1AE610DE9 /* EventKit.framework in Frameworks */,
				0F2B4548F1A94144AC33ACA1 /* CoreMotion.framework in Frameworks */,
				D7E897DADFA24AADA71A2193 /* Foundation.framework in Frameworks */,
				8E1B5DCFDC944C31AC17C5E4 /* AudioToolbox.framework in Frameworks */,
			);
			runOnlyForDeploymentPostprocessing = 0;
		};
/* End PBXFrameworksBuildPhase section */

/* Begin PBXGroup section */
		080E96DDFE201D6D7F000001 /* Classes */ = {
			isa = PBXGroup;
			children = (
				302D95EE14D2391D003F00A1 /* MainViewController.h */,
				302D95EF14D2391D003F00A1 /* MainViewController.m */,
				302D95F014D2391D003F00A1 /* MainViewController.xib */,
				1D3623240D0F684500981E51 /* AppDelegate.h */,
				1D3623250D0F684500981E51 /* AppDelegate.m */,
			);
			name = Classes;
			path = "SimplyPermits LPR/Classes";
			sourceTree = SOURCE_ROOT;
		};
		19C28FACFE9D520D11CA2CBB /* Products */ = {
			isa = PBXGroup;
			children = (
				1D6058910D05DD3D006BFB54 /* SimplyPermits LPR.app */,
			);
			name = Products;
			sourceTree = "<group>";
		};
		29B97314FDCFA39411CA2CEA /* CustomTemplate */ = {
			isa = PBXGroup;
			children = (
				EB87FDF41871DAF40020F90C /* config.xml */,
				EB87FDF31871DA8E0020F90C /* www */,
				EB87FDF11871DA420020F90C /* Staging */,
				301BF52D109A57CC0062928A /* CordovaLib/CordovaLib.xcodeproj */,
				080E96DDFE201D6D7F000001 /* Classes */,
				307C750510C5A3420062BCA9 /* Plugins */,
				29B97315FDCFA39411CA2CEA /* Other Sources */,
				29B97317FDCFA39411CA2CEA /* Resources */,
				29B97323FDCFA39411CA2CEA /* Frameworks */,
				19C28FACFE9D520D11CA2CBB /* Products */,
			);
			name = CustomTemplate;
			sourceTree = "<group>";
		};
		29B97315FDCFA39411CA2CEA /* Other Sources */ = {
			isa = PBXGroup;
			children = (
				32CA4F630368D1EE00C91783 /* SimplyPermits LPR-Prefix.pch */,
				29B97316FDCFA39411CA2CEA /* main.m */,
				ED33DF2A687741AEAF9F8254 /* Bridging-Header.h */,
			);
			name = "Other Sources";
			path = "SimplyPermits LPR";
			sourceTree = "<group>";
		};
		29B97317FDCFA39411CA2CEA /* Resources */ = {
			isa = PBXGroup;
			children = (
				0207DA571B56EA530066E2B4 /* Images.xcassets */,
				3047A50E1AB8057F00498E2A /* config */,
				8D1107310486CEB800E47090 /* SimplyPermits LPR-Info.plist */,
				6AFF5BF81D6E424B00AB3073 /* CDVLaunchScreen.storyboard */,
			);
			name = Resources;
			path = "SimplyPermits LPR/Resources";
			sourceTree = "<group>";
		};
		29B97323FDCFA39411CA2CEA /* Frameworks */ = {
			isa = PBXGroup;
			children = (
				B4D4137226B9423E86AE515A /* Security.framework */,
				A679FE4B4174458DA3378D53 /* SystemConfiguration.framework */,
				AA5C534E31004882B80EFC60 /* WebKit.framework */,
				EA42E6BC012A4F7CBBF6BFCB /* ImageIO.framework */,
				85143B99C9D142F794E10126 /* CoreLocation.framework */,
				7C9CA81E4D7E48D4B54291F1 /* CoreImage.framework */,
				60952F3E5F3B4C089556979C /* OpenGLES.framework */,
				F9F45D6B3AF344C69443AECE /* GLKit.framework */,
				16522F5ABB8F4B92BC812A56 /* CoreVideo.framework */,
				699760A7811246DFA3132F0A /* QuartzCore.framework */,
				54631F933C37418EA92D484B /* CoreBluetooth.framework */,
				9CEC702AA5DE4C47852FEDF4 /* Photos.framework */,
				7D8D2E3E0EEA4C9ABF3DFB77 /* AVFoundation.framework */,
				32A40296CECA4C6C8638D76A /* UserNotifications.framework */,
				6D4DCA7E70C0422CAD4412CD /* Contacts.framework */,
				CF3260F658EA48FFA82EC513 /* AddressBook.framework */,
				35F2F634B3164579BF9C756D /* EventKit.framework */,
				9F9B86B74BA846E6B8250EDC /* CoreMotion.framework */,
				6ECE23E9F89D4E2E8140F0BE /* Foundation.framework */,
				AF8D04D090C4443AA49611C8 /* AudioToolbox.framework */,
			);
			name = Frameworks;
			sourceTree = "<group>";
		};
		301BF52E109A57CC0062928A /* Products */ = {
			isa = PBXGroup;
			children = (
				301BF535109A57CC0062928A /* libCordova.a */,
				3464296B2320190000E2B32F /* Cordova.framework */,
			);
			name = Products;
			sourceTree = "<group>";
		};
		3047A50E1AB8057F00498E2A /* config */ = {
			isa = PBXGroup;
			children = (
				3047A50F1AB8059700498E2A /* build-debug.xcconfig */,
				3047A5101AB8059700498E2A /* build-release.xcconfig */,
				3047A5111AB8059700498E2A /* build.xcconfig */,
			);
			name = config;
			sourceTree = "<group>";
		};
		307C750510C5A3420062BCA9 /* Plugins */ = {
			isa = PBXGroup;
			children = (
				B714F058B41D419FB997E34E /* CDVFile.m */,
				5F043E666F9D4392B3C2A3B6 /* CDVLocalFilesystem.m */,
				A4F49C9418A0407992E878CE /* CDVAssetLibraryFilesystem.m */,
				3180CC33A7B04180A663C7B0 /* CDVFile.h */,
				D6CDC64293DA427AADE1BCD2 /* CDVLocalFilesystem.h */,
				70EBD268B1CB4C1F983095DA /* CDVAssetLibraryFilesystem.h */,
				2250AB51B4874A608D86B1E0 /* CordovaHttpPlugin.m */,
				885B1EA0B8F749CBB74C9F61 /* TextResponseSerializer.m */,
				CCBF9CDEF8B1487FAF57F470 /* TextRequestSerializer.m */,
				9B13387113794934B7898BC3 /* AFHTTPSessionManager.m */,
				5BCC994AA80045FA9CB43C4D /* AFNetworkReachabilityManager.m */,
				5C184D0DEC864BEB96FD8C50 /* AFSecurityPolicy.m */,
				212F7A5D2D774759ABCB646D /* AFURLRequestSerialization.m */,
				0B5EF0A6D52D4492BE653AC8 /* AFURLResponseSerialization.m */,
				A85D93EAB7C6446494C4B73B /* AFURLSessionManager.m */,
				1A1CF46C40F44F39955F9E69 /* SDNetworkActivityIndicator.m */,
				5AC3FB5236024A83858FEE48 /* CordovaHttpPlugin.h */,
				F46A9BB35D8F4498B79E8490 /* TextResponseSerializer.h */,
				8BF2EFAFA12A4093B3E0E7E0 /* TextRequestSerializer.h */,
				5F9D70373EFA4F23B02866F1 /* AFHTTPSessionManager.h */,
				4EBA4E9EEB704F2AA09CD61C /* AFNetworking.h */,
				5BE8942ED7DF409A906057C6 /* AFNetworkReachabilityManager.h */,
				3399F7FC7581452B929FDC9F /* AFSecurityPolicy.h */,
				C4F9E1599C69495B8FE83BD0 /* AFURLRequestSerialization.h */,
				398BEE120FBC41ED96D0F0AB /* AFURLResponseSerialization.h */,
				30497CBF9C2341F49B9D9F08 /* AFURLSessionManager.h */,
				6B458C2CD2D04BA0B665260F /* SDNetworkActivityIndicator.h */,
				E42D7082EB53492A90C1974A /* CDVDevice.m */,
				1296AAFB6EE247D4836C38A8 /* CDVDevice.h */,
				3EC55799E3B24BB6AC236A63 /* CDVFileTransfer.m */,
				F1E8485454674D9FBF51FA33 /* CDVFileTransfer.h */,
				EF9F7BF3477146ADB2DA1131 /* CDVInAppBrowser.m */,
				456AB4F5195A43369FE21018 /* CDVInAppBrowser.h */,
				8A2D24423D7843FBBDD7F93A /* CDVIonicKeyboard.m */,
				90C4CAB9E4194C2A8475A0A9 /* CDVIonicKeyboard.h */,
				381637881E5D4D3EAEEA8C37 /* CDVOrientation.m */,
				4C6CB6A39E6048B888A7CF09 /* CDVOrientation.h */,
				2BF7B021238F4784B7AA57CF /* CDVSplashScreen.m */,
				3DED8F52B9FB4B9BA874C41E /* CDVViewController+SplashScreen.m */,
				4F389CC3BBFF4425BB526F4F /* CDVSplashScreen.h */,
				162DDC6B79804C5EB1037E0F /* CDVViewController+SplashScreen.h */,
				51BD34B1576E4E2A8F2EFC84 /* CDVStatusBar.m */,
				2A19CD14562E44F2B74287EB /* CDVStatusBar.h */,
				F63B8D20219F4FAF83A5F0A1 /* CDVWKWebViewEngine.m */,
				2965807700A1452C9F4789E4 /* CDVWKWebViewUIDelegate.m */,
				AD01924CB1FD4D2E8C6AF33D /* CDVWKProcessPoolFactory.m */,
				D389B57F56AB44B88BBD1EB3 /* IONAssetHandler.m */,
				16A9EBE910814315B7F9D71D /* CDVWKWebViewEngine.h */,
				25B2277ABC6C40FFA0E6DC64 /* CDVWKWebViewUIDelegate.h */,
				F9EBC4BD5798451785CE3899 /* CDVWKProcessPoolFactory.h */,
				A2E796E411864DD2AD8E9BC7 /* IONAssetHandler.h */,
				FAAD2225906D4BFAB5794FA5 /* CameraPreview.m */,
				415A3E91DEE3442A8F146439 /* TemperatureAndTint.m */,
				F2FA49564F7048FA8526D413 /* CameraSessionManager.m */,
				4291E8F358764B84B6245E85 /* CameraRenderController.m */,
				BF7C5AF4FC524814B621BDC2 /* CameraPreview.h */,
				A8EBC31EA46349438F004FAD /* TemperatureAndTint.h */,
				DB916F2239984691A57E8C05 /* CameraSessionManager.h */,
				856BAFAC3A5A4AA1AEEAE3C8 /* CameraRenderController.h */,
				76DDACEBB6224863AE3B27B5 /* Diagnostic.m */,
				D8146F83BEB4485D898ED84A /* Diagnostic_Location.m */,
				B0ADDEB41CBF43F1A2DE06B4 /* Diagnostic_Bluetooth.m */,
				AAEE775476D244E78E1780E3 /* Diagnostic_Wifi.m */,
				08F32A3B0DED410292914609 /* Diagnostic_Camera.m */,
				F55EC295C288413DAAC4C574 /* Diagnostic_Notifications.m */,
				D1E02A00F0E54445A2ED9F07 /* Diagnostic_Microphone.m */,
				D06EA19ACFCF42B29CED7F71 /* Diagnostic_Contacts.m */,
				D2F4E41A91F546718032D450 /* Diagnostic_Calendar.m */,
				CD799585D42C4187B5630C51 /* Diagnostic_Reminders.m */,
				E0EDDB931CAB48B9BCADC589 /* Diagnostic_Motion.m */,
				6ECEB61211AD4EF4832DF628 /* Diagnostic.h */,
				206AFF5750C843E18E0F5460 /* Diagnostic_Location.h */,
				1E57B40CAE134F4F8AB9CDED /* Diagnostic_Bluetooth.h */,
				DC10B04980CC4766BCDB342E /* Diagnostic_Wifi.h */,
				5D620E1969D3467BA408865E /* Diagnostic_Camera.h */,
				F66C6F86C80A4D9DA81AEA68 /* Diagnostic_Notifications.h */,
				5297B23615D342D6A07FBE76 /* Diagnostic_Microphone.h */,
				18632CB50A69419CAC694A71 /* Diagnostic_Contacts.h */,
				7E745744FBF6438FB5D01D6E /* Diagnostic_Calendar.h */,
				9629DE53AB3A4CEEB1506316 /* Diagnostic_Reminders.h */,
				797A75B7272C4CB1A7ECEEC6 /* Diagnostic_Motion.h */,
				9D7D74031A2B4FE49BD3FD16 /* RequestLocationAccuracy.m */,
				38114D333B114189895C5860 /* RequestLocationAccuracy.h */,
				771587FD7E034691A12E5775 /* CDVLocation.m */,
				244CDD3A4725441F9DA95BFC /* CDVLocation.h */,
				2C7C6376AA2543818E63C37E /* NativeAudio.m */,
				09C3110D8B8446DF81553B9C /* NativeAudioAsset.m */,
				92DAEC5E04F04C209BECA7CF /* NativeAudio.h */,
				214FA43733834CFD9E474EE4 /* NativeAudioAsset.h */,
				35A27D4336754D7C889EE45C /* PowerManagement.m */,
				6067A8EA005E4A9997ADAB8B /* PowerManagement.h */,
			);
			name = Plugins;
			path = "SimplyPermits LPR/Plugins";
			sourceTree = SOURCE_ROOT;
		};
		EB87FDF11871DA420020F90C /* Staging */ = {
			isa = PBXGroup;
			children = (
				F840E1F0165FE0F500CFE078 /* config.xml */,
				301BF56E109A69640062928A /* www */,
			);
			name = Staging;
			sourceTree = "<group>";
		};
/* End PBXGroup section */

/* Begin PBXNativeTarget section */
		1D6058900D05DD3D006BFB54 /* SimplyPermits LPR */ = {
			isa = PBXNativeTarget;
			buildConfigurationList = 1D6058960D05DD3E006BFB54 /* Build configuration list for PBXNativeTarget "SimplyPermits LPR" */;
			buildPhases = (
				304B58A110DAC018002A0835 /* Copy www directory */,
				1D60588D0D05DD3D006BFB54 /* Resources */,
				1D60588E0D05DD3D006BFB54 /* Sources */,
				1D60588F0D05DD3D006BFB54 /* Frameworks */,
			);
			buildRules = (
			);
			dependencies = (
				301BF551109A68C00062928A /* PBXTargetDependency */,
			);
			name = "SimplyPermits LPR";
			productName = "SimplyPermits LPR";
			productReference = 1D6058910D05DD3D006BFB54 /* SimplyPermits LPR.app */;
			productType = "com.apple.product-type.application";
		};
/* End PBXNativeTarget section */

/* Begin PBXProject section */
		29B97313FDCFA39411CA2CEA /* Project object */ = {
			isa = PBXProject;
			attributes = {
				LastUpgradeCheck = 510;
				TargetAttributes = {
					1D6058900D05DD3D006BFB54 = {
						DevelopmentTeam = TG3FHXQ99T;
						ProvisioningStyle = Automatic;
					};
				};
			};
			buildConfigurationList = C01FCF4E08A954540054247B /* Build configuration list for PBXProject "SimplyPermits LPR" */;
			compatibilityVersion = "Xcode 3.2";
			developmentRegion = English;
			hasScannedForEncodings = 1;
			knownRegions = (
				English,
				en,
			);
			mainGroup = 29B97314FDCFA39411CA2CEA /* CustomTemplate */;
			projectDirPath = "";
			projectReferences = (
				{
					ProductGroup = 301BF52E109A57CC0062928A /* Products */;
					ProjectRef = 301BF52D109A57CC0062928A /* CordovaLib/CordovaLib.xcodeproj */;
				},
			);
			projectRoot = "";
			targets = (
				1D6058900D05DD3D006BFB54 /* SimplyPermits LPR */,
			);
		};
/* End PBXProject section */

/* Begin PBXReferenceProxy section */
		301BF535109A57CC0062928A /* libCordova.a */ = {
			isa = PBXReferenceProxy;
			fileType = archive.ar;
			path = libCordova.a;
			remoteRef = 301BF534109A57CC0062928A /* PBXContainerItemProxy */;
			sourceTree = BUILT_PRODUCTS_DIR;
		};
		3464296B2320190000E2B32F /* Cordova.framework */ = {
			isa = PBXReferenceProxy;
			fileType = wrapper.framework;
			path = Cordova.framework;
			remoteRef = 3464296A2320190000E2B32F /* PBXContainerItemProxy */;
			sourceTree = BUILT_PRODUCTS_DIR;
		};
/* End PBXReferenceProxy section */

/* Begin PBXResourcesBuildPhase section */
		1D60588D0D05DD3D006BFB54 /* Resources */ = {
			isa = PBXResourcesBuildPhase;
			buildActionMask = 2147483647;
			files = (
				302D95F214D2391D003F00A1 /* MainViewController.xib in Resources */,
				0207DA581B56EA530066E2B4 /* Images.xcassets in Resources */,
				6AFF5BF91D6E424B00AB3073 /* CDVLaunchScreen.storyboard in Resources */,
			);
			runOnlyForDeploymentPostprocessing = 0;
		};
/* End PBXResourcesBuildPhase section */

/* Begin PBXShellScriptBuildPhase section */
		304B58A110DAC018002A0835 /* Copy www directory */ = {
			isa = PBXShellScriptBuildPhase;
			buildActionMask = 2147483647;
			files = (
			);
			inputPaths = (
			);
			name = "Copy www directory";
			outputPaths = (
			);
			runOnlyForDeploymentPostprocessing = 0;
			shellPath = /bin/sh;
			shellScript = "NODEJS_PATH=/usr/local/bin; NVM_NODE_PATH=~/.nvm/versions/node/`nvm version 2>/dev/null`/bin; N_NODE_PATH=`find /usr/local/n/versions/node/* -maxdepth 0 -type d 2>/dev/null | tail -1`/bin; XCODE_NODE_PATH=`xcode-select --print-path`/usr/share/xcs/Node/bin; PATH=$NODEJS_PATH:$NVM_NODE_PATH:$N_NODE_PATH:$XCODE_NODE_PATH:$PATH && node cordova/lib/copy-www-build-step.js";
			showEnvVarsInLog = 0;
		};
/* End PBXShellScriptBuildPhase section */

/* Begin PBXSourcesBuildPhase section */
		1D60588E0D05DD3D006BFB54 /* Sources */ = {
			isa = PBXSourcesBuildPhase;
			buildActionMask = 2147483647;
			files = (
				1D60589B0D05DD56006BFB54 /* main.m in Sources */,
				1D3623260D0F684500981E51 /* AppDelegate.m in Sources */,
				302D95F114D2391D003F00A1 /* MainViewController.m in Sources */,
				FD8A5B4B56A24F63879E36C5 /* CDVFile.m in Sources */,
				78B6F2165C6146BABD366CC5 /* CDVLocalFilesystem.m in Sources */,
				E49A0E1B66B940A9819D795B /* CDVAssetLibraryFilesystem.m in Sources */,
				4C3A7741F78F44649D28CFC4 /* CordovaHttpPlugin.m in Sources */,
				29021EFC467A4B178CD45252 /* TextResponseSerializer.m in Sources */,
				4531EDD635224988AC7B1BF5 /* TextRequestSerializer.m in Sources */,
				E7BC99E83382482698F7F093 /* AFHTTPSessionManager.m in Sources */,
				824FB88F28524B04944DD143 /* AFNetworkReachabilityManager.m in Sources */,
				C49776BE1D8D4AD68FC0CF4A /* AFSecurityPolicy.m in Sources */,
				BE18247F6CFF4B3DB1BC8E5A /* AFURLRequestSerialization.m in Sources */,
				90BD645527FE49409218A974 /* AFURLResponseSerialization.m in Sources */,
				77BDD1A0E3A84A8B9FF03E1D /* AFURLSessionManager.m in Sources */,
				90B17064DA264B5CA25E8024 /* SDNetworkActivityIndicator.m in Sources */,
				97DD9C48F71E436987023ADC /* CDVDevice.m in Sources */,
				8C7B32BB4FC74D0AA752F743 /* CDVFileTransfer.m in Sources */,
				2FBEC062C08E479E9310001F /* CDVInAppBrowser.m in Sources */,
				8FD954198E84412B918A2F1B /* CDVIonicKeyboard.m in Sources */,
				DF3989964A8642A28F337AC4 /* CDVOrientation.m in Sources */,
				BF788B4F6E0C4777A6E14A38 /* CDVSplashScreen.m in Sources */,
				7F8A76608C654D5CB6A27E66 /* CDVViewController+SplashScreen.m in Sources */,
				DA0D883A8CEF43D9A568C184 /* CDVStatusBar.m in Sources */,
				0BAE30BD87E14C5790BB8CE3 /* CDVWKWebViewEngine.m in Sources */,
				DD10DE3834094FCEB2A3101E /* CDVWKWebViewUIDelegate.m in Sources */,
				D5CE98858E6441F09D2E11AA /* CDVWKProcessPoolFactory.m in Sources */,
				AA0E156E81914EBF877AA795 /* IONAssetHandler.m in Sources */,
				71DFD11E52F24E3C8678CB9E /* CameraPreview.m in Sources */,
				46CB496FCE8D4F9898396881 /* TemperatureAndTint.m in Sources */,
				FC9EF7B3A270475C902AB251 /* CameraSessionManager.m in Sources */,
				E3FA9EB1C448438FAF7F2ABE /* CameraRenderController.m in Sources */,
				DC00CFC5DA964D26AE796259 /* Diagnostic.m in Sources */,
				00CCCC1153204387A2D5DBC9 /* Diagnostic_Location.m in Sources */,
				E05BC3FDF87C43089EF94B15 /* Diagnostic_Bluetooth.m in Sources */,
				E5EEFE64EEFA455AB407F44C /* Diagnostic_Wifi.m in Sources */,
				E4381D1FF5674AD38D2500F5 /* Diagnostic_Camera.m in Sources */,
				EF78AFB25EF14F48BEE7B1DD /* Diagnostic_Notifications.m in Sources */,
				6D476435E6984AEA85300F2C /* Diagnostic_Microphone.m in Sources */,
				6124D306169E4F7C8E76AFCB /* Diagnostic_Contacts.m in Sources */,
				075A75DE87B54FE9BF411175 /* Diagnostic_Calendar.m in Sources */,
				948DF76F849941329C6B1AC3 /* Diagnostic_Reminders.m in Sources */,
				816A9B0B70FA40AEADFF5C82 /* Diagnostic_Motion.m in Sources */,
				3038F55A8C764E4EAC70BDBE /* RequestLocationAccuracy.m in Sources */,
				40D8871348144BFC82965018 /* CDVLocation.m in Sources */,
				D40C127EB5E542D3B08DDE6E /* NativeAudio.m in Sources */,
				00FC0FA5AF444930AFE49047 /* NativeAudioAsset.m in Sources */,
				12B61DACD89B46649806AB19 /* PowerManagement.m in Sources */,
			);
			runOnlyForDeploymentPostprocessing = 0;
		};
/* End PBXSourcesBuildPhase section */

/* Begin PBXTargetDependency section */
		301BF551109A68C00062928A /* PBXTargetDependency */ = {
			isa = PBXTargetDependency;
			name = CordovaLib;
			targetProxy = 301BF550109A68C00062928A /* PBXContainerItemProxy */;
		};
/* End PBXTargetDependency section */

/* Begin XCBuildConfiguration section */
		1D6058940D05DD3E006BFB54 /* Debug */ = {
			isa = XCBuildConfiguration;
			baseConfigurationReference = 3047A50F1AB8059700498E2A /* build-debug.xcconfig */;
			buildSettings = {
				ALWAYS_SEARCH_USER_PATHS = NO;
				ASSETCATALOG_COMPILER_APPICON_NAME = AppIcon;
				ASSETCATALOG_COMPILER_LAUNCHIMAGE_NAME = LaunchImage;
				CLANG_ENABLE_MODULES = YES;
				CLANG_ENABLE_OBJC_ARC = YES;
				CODE_SIGN_IDENTITY = "Apple Development";
				CODE_SIGN_STYLE = Automatic;
				COPY_PHASE_STRIP = NO;
				CURRENT_PROJECT_VERSION = 4.5.0;
				DEVELOPMENT_TEAM = TG3FHXQ99T;
				GCC_DYNAMIC_NO_PIC = NO;
				GCC_OPTIMIZATION_LEVEL = 0;
				GCC_PRECOMPILE_PREFIX_HEADER = YES;
				GCC_PREFIX_HEADER = "SimplyPermits LPR/SimplyPermits LPR-Prefix.pch";
				GCC_THUMB_SUPPORT = NO;
				GCC_VERSION = "";
				INFOPLIST_FILE = "SimplyPermits LPR/SimplyPermits LPR-Info.plist";
				IPHONEOS_DEPLOYMENT_TARGET = 11.0;
				LD_RUNPATH_SEARCH_PATHS = "@executable_path/Frameworks";
				MARKETING_VERSION = 4.5.0;
				PRODUCT_NAME = "SimplyPermits LPR";
				PROVISIONING_PROFILE_SPECIFIER = "";
				TARGETED_DEVICE_FAMILY = "1,2";
			};
			name = Debug;
		};
		1D6058950D05DD3E006BFB54 /* Release */ = {
			isa = XCBuildConfiguration;
			baseConfigurationReference = 3047A5101AB8059700498E2A /* build-release.xcconfig */;
			buildSettings = {
				ALWAYS_SEARCH_USER_PATHS = NO;
				ASSETCATALOG_COMPILER_APPICON_NAME = AppIcon;
				ASSETCATALOG_COMPILER_LAUNCHIMAGE_NAME = LaunchImage;
				CLANG_ENABLE_MODULES = YES;
				CLANG_ENABLE_OBJC_ARC = YES;
				CODE_SIGN_IDENTITY = "Apple Development";
				CODE_SIGN_STYLE = Automatic;
				COPY_PHASE_STRIP = YES;
				CURRENT_PROJECT_VERSION = 4.5.0;
				DEVELOPMENT_TEAM = TG3FHXQ99T;
				GCC_PRECOMPILE_PREFIX_HEADER = YES;
				GCC_PREFIX_HEADER = "SimplyPermits LPR/SimplyPermits LPR-Prefix.pch";
				GCC_THUMB_SUPPORT = NO;
				GCC_VERSION = "";
				INFOPLIST_FILE = "SimplyPermits LPR/SimplyPermits LPR-Info.plist";
				IPHONEOS_DEPLOYMENT_TARGET = 11.0;
				LD_RUNPATH_SEARCH_PATHS = "@executable_path/Frameworks";
				MARKETING_VERSION = 4.5.0;
				PRODUCT_NAME = "SimplyPermits LPR";
				PROVISIONING_PROFILE_SPECIFIER = "";
				TARGETED_DEVICE_FAMILY = "1,2";
			};
			name = Release;
		};
		C01FCF4F08A954540054247B /* Debug */ = {
			isa = XCBuildConfiguration;
			baseConfigurationReference = 3047A5111AB8059700498E2A /* build.xcconfig */;
			buildSettings = {
				CLANG_ENABLE_MODULES = YES;
				CLANG_ENABLE_OBJC_ARC = YES;
				CLANG_WARN_BOOL_CONVERSION = YES;
				CLANG_WARN_CONSTANT_CONVERSION = YES;
				CLANG_WARN_EMPTY_BODY = YES;
				CLANG_WARN_ENUM_CONVERSION = YES;
				CLANG_WARN_INT_CONVERSION = YES;
				CLANG_WARN__DUPLICATE_METHOD_MATCH = YES;
				GCC_C_LANGUAGE_STANDARD = c99;
				GCC_THUMB_SUPPORT = NO;
				GCC_VERSION = "";
				GCC_WARN_ABOUT_RETURN_TYPE = YES;
				GCC_WARN_UNDECLARED_SELECTOR = YES;
				GCC_WARN_UNINITIALIZED_AUTOS = YES;
				GCC_WARN_UNUSED_FUNCTION = YES;
				GCC_WARN_UNUSED_VARIABLE = YES;
				IPHONEOS_DEPLOYMENT_TARGET = 11.0;
				ONLY_ACTIVE_ARCH = YES;
				SDKROOT = iphoneos;
				SKIP_INSTALL = NO;
			};
			name = Debug;
		};
		C01FCF5008A954540054247B /* Release */ = {
			isa = XCBuildConfiguration;
			baseConfigurationReference = 3047A5111AB8059700498E2A /* build.xcconfig */;
			buildSettings = {
				CLANG_ENABLE_MODULES = YES;
				CLANG_ENABLE_OBJC_ARC = YES;
				CLANG_WARN_BOOL_CONVERSION = YES;
				CLANG_WARN_CONSTANT_CONVERSION = YES;
				CLANG_WARN_EMPTY_BODY = YES;
				CLANG_WARN_ENUM_CONVERSION = YES;
				CLANG_WARN_INT_CONVERSION = YES;
				CLANG_WARN__DUPLICATE_METHOD_MATCH = YES;
				GCC_C_LANGUAGE_STANDARD = c99;
				GCC_THUMB_SUPPORT = NO;
				GCC_VERSION = "";
				GCC_WARN_ABOUT_RETURN_TYPE = YES;
				GCC_WARN_UNDECLARED_SELECTOR = YES;
				GCC_WARN_UNINITIALIZED_AUTOS = YES;
				GCC_WARN_UNUSED_FUNCTION = YES;
				GCC_WARN_UNUSED_VARIABLE = YES;
				IPHONEOS_DEPLOYMENT_TARGET = 11.0;
				SDKROOT = iphoneos;
				SKIP_INSTALL = NO;
			};
			name = Release;
		};
/* End XCBuildConfiguration section */

/* Begin XCConfigurationList section */
		1D6058960D05DD3E006BFB54 /* Build configuration list for PBXNativeTarget "SimplyPermits LPR" */ = {
			isa = XCConfigurationList;
			buildConfigurations = (
				1D6058940D05DD3E006BFB54 /* Debug */,
				1D6058950D05DD3E006BFB54 /* Release */,
			);
			defaultConfigurationIsVisible = 0;
			defaultConfigurationName = Release;
		};
		C01FCF4E08A954540054247B /* Build configuration list for PBXProject "SimplyPermits LPR" */ = {
			isa = XCConfigurationList;
			buildConfigurations = (
				C01FCF4F08A954540054247B /* Debug */,
				C01FCF5008A954540054247B /* Release */,
			);
			defaultConfigurationIsVisible = 0;
			defaultConfigurationName = Release;
		};
/* End XCConfigurationList section */
	};
	rootObject = 29B97313FDCFA39411CA2CEA /* Project object */;
}
